
Microsoft Visual Studio Solution File, Format Version 12.00
# Visual Studio Version 17
VisualStudioVersion = 17.12.35527.113
MinimumVisualStudioVersion = 10.0.40219.1
Project("{FAE04EC0-301F-11D3-BF4B-00C04F79EFBC}") = "PresentationLayer", "Onion Architecture\PresentationLayer.csproj", "{FE4BB8A7-74EF-4808-9A93-9B22C150BED0}"
EndProject
Project("{FAE04EC0-301F-11D3-BF4B-00C04F79EFBC}") = "DomainLayer", "DomainLayer\DomainLayer.csproj", "{4BED3A11-669C-4BC5-BF5B-602067022EE2}"
EndProject
Project("{FAE04EC0-301F-11D3-BF4B-00C04F79EFBC}") = "RepositoryLayer", "RepositoryLayer\RepositoryLayer.csproj", "{ACC2E259-F2DC-4542-8F9D-3795D22CE5BE}"
EndProject
Project("{FAE04EC0-301F-11D3-BF4B-00C04F79EFBC}") = "ServiceLayer", "ServiceLayer\ServiceLayer.csproj", "{BD802DF4-8348-4F79-B946-629542351337}"
EndProject
Project("{2150E333-8FDC-42A3-9474-1A3956D46DE8}") = "Core", "Core", "{9A3577DC-652A-4657-809B-895903CE2B4E}"
EndProject
Project("{2150E333-8FDC-42A3-9474-1A3956D46DE8}") = "Application", "Application", "{2D953003-2F0C-49F2-A362-408B559462F3}"
EndProject
Project("{2150E333-8FDC-42A3-9474-1A3956D46DE8}") = "Presentation", "Presentation", "{045C1F91-8B92-4E2E-8D9C-4B79FDA5E86C}"
EndProject
Project("{2150E333-8FDC-42A3-9474-1A3956D46DE8}") = "Domain Models", "Domain Models", "{4B5C0200-5DE6-43FA-9F2C-D9FEB68CC34B}"
EndProject
Project("{2150E333-8FDC-42A3-9474-1A3956D46DE8}") = "Domain Services", "Domain Services", "{B7A8E66D-FA01-4DB1-81BF-8AA31F04804A}"
EndProject
Project("{2150E333-8FDC-42A3-9474-1A3956D46DE8}") = "Infrastructure", "Infrastructure", "{47B51686-B047-405F-ADE7-AA9B173E0103}"
EndProject
Project("{FAE04EC0-301F-11D3-BF4B-00C04F79EFBC}") = "InfrastructureLayer", "..\Onion Architecture\InfrastructureLayer\InfrastructureLayer.csproj", "{BACA3800-1989-4AF5-8601-898564334529}"
EndProject
Global
	GlobalSection(SolutionConfigurationPlatforms) = preSolution
		Debug|Any CPU = Debug|Any CPU
		Release|Any CPU = Release|Any CPU
	EndGlobalSection
	GlobalSection(ProjectConfigurationPlatforms) = postSolution
		{FE4BB8A7-74EF-4808-9A93-9B22C150BED0}.Debug|Any CPU.ActiveCfg = Debug|Any CPU
		{FE4BB8A7-74EF-4808-9A93-9B22C150BED0}.Debug|Any CPU.Build.0 = Debug|Any CPU
		{FE4BB8A7-74EF-4808-9A93-9B22C150BED0}.Release|Any CPU.ActiveCfg = Release|Any CPU
		{FE4BB8A7-74EF-4808-9A93-9B22C150BED0}.Release|Any CPU.Build.0 = Release|Any CPU
		{4BED3A11-669C-4BC5-BF5B-602067022EE2}.Debug|Any CPU.ActiveCfg = Debug|Any CPU
		{4BED3A11-669C-4BC5-BF5B-602067022EE2}.Debug|Any CPU.Build.0 = Debug|Any CPU
		{4BED3A11-669C-4BC5-BF5B-602067022EE2}.Release|Any CPU.ActiveCfg = Release|Any CPU
		{4BED3A11-669C-4BC5-BF5B-602067022EE2}.Release|Any CPU.Build.0 = Release|Any CPU
		{ACC2E259-F2DC-4542-8F9D-3795D22CE5BE}.Debug|Any CPU.ActiveCfg = Debug|Any CPU
		{ACC2E259-F2DC-4542-8F9D-3795D22CE5BE}.Debug|Any CPU.Build.0 = Debug|Any CPU
		{ACC2E259-F2DC-4542-8F9D-3795D22CE5BE}.Release|Any CPU.ActiveCfg = Release|Any CPU
		{ACC2E259-F2DC-4542-8F9D-3795D22CE5BE}.Release|Any CPU.Build.0 = Release|Any CPU
		{BD802DF4-8348-4F79-B946-629542351337}.Debug|Any CPU.ActiveCfg = Debug|Any CPU
		{BD802DF4-8348-4F79-B946-629542351337}.Debug|Any CPU.Build.0 = Debug|Any CPU
		{BD802DF4-8348-4F79-B946-629542351337}.Release|Any CPU.ActiveCfg = Release|Any CPU
		{BD802DF4-8348-4F79-B946-629542351337}.Release|Any CPU.Build.0 = Release|Any CPU
		{BACA3800-1989-4AF5-8601-898564334529}.Debug|Any CPU.ActiveCfg = Debug|Any CPU
		{BACA3800-1989-4AF5-8601-898564334529}.Debug|Any CPU.Build.0 = Debug|Any CPU
		{BACA3800-1989-4AF5-8601-898564334529}.Release|Any CPU.ActiveCfg = Release|Any CPU
		{BACA3800-1989-4AF5-8601-898564334529}.Release|Any CPU.Build.0 = Release|Any CPU
	EndGlobalSection
	GlobalSection(SolutionProperties) = preSolution
		HideSolutionNode = FALSE
	EndGlobalSection
	GlobalSection(NestedProjects) = preSolution
		{FE4BB8A7-74EF-4808-9A93-9B22C150BED0} = {045C1F91-8B92-4E2E-8D9C-4B79FDA5E86C}
		{4BED3A11-669C-4BC5-BF5B-602067022EE2} = {4B5C0200-5DE6-43FA-9F2C-D9FEB68CC34B}
		{ACC2E259-F2DC-4542-8F9D-3795D22CE5BE} = {B7A8E66D-FA01-4DB1-81BF-8AA31F04804A}
		{BD802DF4-8348-4F79-B946-629542351337} = {2D953003-2F0C-49F2-A362-408B559462F3}
		{4B5C0200-5DE6-43FA-9F2C-D9FEB68CC34B} = {9A3577DC-652A-4657-809B-895903CE2B4E}
		{B7A8E66D-FA01-4DB1-81BF-8AA31F04804A} = {9A3577DC-652A-4657-809B-895903CE2B4E}
		{BACA3800-1989-4AF5-8601-898564334529} = {47B51686-B047-405F-ADE7-AA9B173E0103}
	EndGlobalSection
EndGlobal
