
Microsoft Visual Studio Solution File, Format Version 12.00
# Visual Studio Version 17
VisualStudioVersion = 17.12.35527.113
MinimumVisualStudioVersion = 10.0.40219.1
Project("{FAE04EC0-301F-11D3-BF4B-00C04F79EFBC}") = "PresentationLayer", "Onion Architecture\PresentationLayer.csproj", "{FE4BB8A7-74EF-4808-9A93-9B22C150BED0}"
EndProject
Project("{FAE04EC0-301F-11D3-BF4B-00C04F79EFBC}") = "DomainLayer", "DomainLayer\DomainLayer.csproj", "{4BED3A11-669C-4BC5-BF5B-602067022EE2}"
EndProject
Project("{FAE04EC0-301F-11D3-BF4B-00C04F79EFBC}") = "RepositoryLayer", "RepositoryLayer\RepositoryLayer.csproj", "{ACC2E259-F2DC-4542-8F9D-3795D22CE5BE}"
EndProject
Project("{FAE04EC0-301F-11D3-BF4B-00C04F79EFBC}") = "ServiceLayer", "ServiceLayer\ServiceLayer.csproj", "{BD802DF4-8348-4F79-B946-629542351337}"
EndProject
Global
	GlobalSection(SolutionConfigurationPlatforms) = preSolution
		Debug|Any CPU = Debug|Any CPU
		Release|Any CPU = Release|Any CPU
	EndGlobalSection
	GlobalSection(ProjectConfigurationPlatforms) = postSolution
		{FE4BB8A7-74EF-4808-9A93-9B22C150BED0}.Debug|Any CPU.ActiveCfg = Debug|Any CPU
		{FE4BB8A7-74EF-4808-9A93-9B22C150BED0}.Debug|Any CPU.Build.0 = Debug|Any CPU
		{FE4BB8A7-74EF-4808-9A93-9B22C150BED0}.Release|Any CPU.ActiveCfg = Release|Any CPU
		{FE4BB8A7-74EF-4808-9A93-9B22C150BED0}.Release|Any CPU.Build.0 = Release|Any CPU
		{4BED3A11-669C-4BC5-BF5B-602067022EE2}.Debug|Any CPU.ActiveCfg = Debug|Any CPU
		{4BED3A11-669C-4BC5-BF5B-602067022EE2}.Debug|Any CPU.Build.0 = Debug|Any CPU
		{4BED3A11-669C-4BC5-BF5B-602067022EE2}.Release|Any CPU.ActiveCfg = Release|Any CPU
		{4BED3A11-669C-4BC5-BF5B-602067022EE2}.Release|Any CPU.Build.0 = Release|Any CPU
		{ACC2E259-F2DC-4542-8F9D-3795D22CE5BE}.Debug|Any CPU.ActiveCfg = Debug|Any CPU
		{ACC2E259-F2DC-4542-8F9D-3795D22CE5BE}.Debug|Any CPU.Build.0 = Debug|Any CPU
		{ACC2E259-F2DC-4542-8F9D-3795D22CE5BE}.Release|Any CPU.ActiveCfg = Release|Any CPU
		{ACC2E259-F2DC-4542-8F9D-3795D22CE5BE}.Release|Any CPU.Build.0 = Release|Any CPU
		{BD802DF4-8348-4F79-B946-629542351337}.Debug|Any CPU.ActiveCfg = Debug|Any CPU
		{BD802DF4-8348-4F79-B946-629542351337}.Debug|Any CPU.Build.0 = Debug|Any CPU
		{BD802DF4-8348-4F79-B946-629542351337}.Release|Any CPU.ActiveCfg = Release|Any CPU
		{BD802DF4-8348-4F79-B946-629542351337}.Release|Any CPU.Build.0 = Release|Any CPU
	EndGlobalSection
	GlobalSection(SolutionProperties) = preSolution
		HideSolutionNode = FALSE
	EndGlobalSection
EndGlobal
